// !$*UTF8*$!
{
	archiveVersion = 1;
	classes = {
	};
	objectVersion = 56;
	objects = {

/* Begin PBXBuildFile section */
		5101BDC72AEA5C8E00B45673 /* AppDelegate.swift in Sources */ = {isa = PBXBuildFile; fileRef = 5101BDC62AEA5C8E00B45673 /* AppDelegate.swift */; };
		5101BDC92AEA5C8E00B45673 /* SceneDelegate.swift in Sources */ = {isa = PBXBuildFile; fileRef = 5101BDC82AEA5C8E00B45673 /* SceneDelegate.swift */; };
		5101BDCE2AEA5C8E00B45673 /* Main.storyboard in Resources */ = {isa = PBXBuildFile; fileRef = 5101BDCC2AEA5C8E00B45673 /* Main.storyboard */; };
		5101BDD02AEA5C9000B45673 /* Assets.xcassets in Resources */ = {isa = PBXBuildFile; fileRef = 5101BDCF2AEA5C9000B45673 /* Assets.xcassets */; };
		5101BDD32AEA5C9000B45673 /* LaunchScreen.storyboard in Resources */ = {isa = PBXBuildFile; fileRef = 5101BDD12AEA5C9000B45673 /* LaunchScreen.storyboard */; };
		5101BDDB2AEA5FB000B45673 /* TableFirstTableViewController.swift in Sources */ = {isa = PBXBuildFile; fileRef = 5101BDDA2AEA5FB000B45673 /* TableFirstTableViewController.swift */; };
		5101BDE12AEA626900B45673 /* TableSecondViewController.swift in Sources */ = {isa = PBXBuildFile; fileRef = 5101BDE02AEA626900B45673 /* TableSecondViewController.swift */; };
		5101BDE32AEA701B00B45673 /* Person.swift in Sources */ = {isa = PBXBuildFile; fileRef = 5101BDE22AEA701B00B45673 /* Person.swift */; };
		51FE39A82AEBCB4600C362AB /* FirstDetailsViewController.swift in Sources */ = {isa = PBXBuildFile; fileRef = 51FE39A72AEBCB4600C362AB /* FirstDetailsViewController.swift */; };
/* End PBXBuildFile section */

/* Begin PBXFileReference section */
		5101BDC32AEA5C8E00B45673 /* TableContact.app */ = {isa = PBXFileReference; explicitFileType = wrapper.application; includeInIndex = 0; path = TableContact.app; sourceTree = BUILT_PRODUCTS_DIR; };
		5101BDC62AEA5C8E00B45673 /* AppDelegate.swift */ = {isa = PBXFileReference; lastKnownFileType = sourcecode.swift; path = AppDelegate.swift; sourceTree = "<group>"; };
		5101BDC82AEA5C8E00B45673 /* SceneDelegate.swift */ = {isa = PBXFileReference; lastKnownFileType = sourcecode.swift; path = SceneDelegate.swift; sourceTree = "<group>"; };
		5101BDCD2AEA5C8E00B45673 /* Base */ = {isa = PBXFileReference; lastKnownFileType = file.storyboard; name = Base; path = Base.lproj/Main.storyboard; sourceTree = "<group>"; };
		5101BDCF2AEA5C9000B45673 /* Assets.xcassets */ = {isa = PBXFileReference; lastKnownFileType = folder.assetcatalog; path = Assets.xcassets; sourceTree = "<group>"; };
		5101BDD22AEA5C9000B45673 /* Base */ = {isa = PBXFileReference; lastKnownFileType = file.storyboard; name = Base; path = Base.lproj/LaunchScreen.storyboard; sourceTree = "<group>"; };
		5101BDD42AEA5C9000B45673 /* Info.plist */ = {isa = PBXFileReference; lastKnownFileType = text.plist.xml; path = Info.plist; sourceTree = "<group>"; };
		5101BDDA2AEA5FB000B45673 /* TableFirstTableViewController.swift */ = {isa = PBXFileReference; lastKnownFileType = sourcecode.swift; path = TableFirstTableViewController.swift; sourceTree = "<group>"; };
		5101BDE02AEA626900B45673 /* TableSecondViewController.swift */ = {isa = PBXFileReference; lastKnownFileType = sourcecode.swift; path = TableSecondViewController.swift; sourceTree = "<group>"; };
		5101BDE22AEA701B00B45673 /* Person.swift */ = {isa = PBXFileReference; lastKnownFileType = sourcecode.swift; path = Person.swift; sourceTree = "<group>"; };
		51FE39A72AEBCB4600C362AB /* FirstDetailsViewController.swift */ = {isa = PBXFileReference; lastKnownFileType = sourcecode.swift; path = FirstDetailsViewController.swift; sourceTree = "<group>"; };
/* End PBXFileReference section */

/* Begin PBXFrameworksBuildPhase section */
		5101BDC02AEA5C8E00B45673 /* Frameworks */ = {
			isa = PBXFrameworksBuildPhase;
			buildActionMask = 2147483647;
			files = (
			);
			runOnlyForDeploymentPostprocessing = 0;
		};
/* End PBXFrameworksBuildPhase section */

/* Begin PBXGroup section */
		5101BDBA2AEA5C8E00B45673 = {
			isa = PBXGroup;
			children = (
				5101BDC52AEA5C8E00B45673 /* TableContact */,
				5101BDC42AEA5C8E00B45673 /* Products */,
			);
			sourceTree = "<group>";
		};
		5101BDC42AEA5C8E00B45673 /* Products */ = {
			isa = PBXGroup;
			children = (
				5101BDC32AEA5C8E00B45673 /* TableContact.app */,
			);
			name = Products;
			sourceTree = "<group>";
		};
		5101BDC52AEA5C8E00B45673 /* TableContact */ = {
			isa = PBXGroup;
			children = (
				5101BDE22AEA701B00B45673 /* Person.swift */,
				5101BDDA2AEA5FB000B45673 /* TableFirstTableViewController.swift */,
				51FE39A72AEBCB4600C362AB /* FirstDetailsViewController.swift */,
				5101BDE02AEA626900B45673 /* TableSecondViewController.swift */,
				5101BDCC2AEA5C8E00B45673 /* Main.storyboard */,
				5101BDCF2AEA5C9000B45673 /* Assets.xcassets */,
				5101BDD12AEA5C9000B45673 /* LaunchScreen.storyboard */,
				5101BDD42AEA5C9000B45673 /* Info.plist */,
				5101BDC62AEA5C8E00B45673 /* AppDelegate.swift */,
				5101BDC82AEA5C8E00B45673 /* SceneDelegate.swift */,
			);
			path = TableContact;
			sourceTree = "<group>";
		};
/* End PBXGroup section */

/* Begin PBXNativeTarget section */
		5101BDC22AEA5C8E00B45673 /* TableContact */ = {
			isa = PBXNativeTarget;
			buildConfigurationList = 5101BDD72AEA5C9000B45673 /* Build configuration list for PBXNativeTarget "TableContact" */;
			buildPhases = (
				5101BDBF2AEA5C8E00B45673 /* Sources */,
				5101BDC02AEA5C8E00B45673 /* Frameworks */,
				5101BDC12AEA5C8E00B45673 /* Resources */,
			);
			buildRules = (
			);
			dependencies = (
			);
			name = TableContact;
			productName = TableContact;
			productReference = 5101BDC32AEA5C8E00B45673 /* TableContact.app */;
			productType = "com.apple.product-type.application";
		};
/* End PBXNativeTarget section */

/* Begin PBXProject section */
		5101BDBB2AEA5C8E00B45673 /* Project object */ = {
			isa = PBXProject;
			attributes = {
				BuildIndependentTargetsInParallel = 1;
				LastSwiftUpdateCheck = 1430;
				LastUpgradeCheck = 1430;
				TargetAttributes = {
					5101BDC22AEA5C8E00B45673 = {
						CreatedOnToolsVersion = 14.3.1;
					};
				};
			};
			buildConfigurationList = 5101BDBE2AEA5C8E00B45673 /* Build configuration list for PBXProject "TableContact" */;
			compatibilityVersion = "Xcode 14.0";
			developmentRegion = en;
			hasScannedForEncodings = 0;
			knownRegions = (
				en,
				Base,
			);
			mainGroup = 5101BDBA2AEA5C8E00B45673;
			productRefGroup = 5101BDC42AEA5C8E00B45673 /* Products */;
			projectDirPath = "";
			projectRoot = "";
			targets = (
				5101BDC22AEA5C8E00B45673 /* TableContact */,
			);
		};
/* End PBXProject section */

/* Begin PBXResourcesBuildPhase section */
		5101BDC12AEA5C8E00B45673 /* Resources */ = {
			isa = PBXResourcesBuildPhase;
			buildActionMask = 2147483647;
			files = (
				5101BDD32AEA5C9000B45673 /* LaunchScreen.storyboard in Resources */,
				5101BDD02AEA5C9000B45673 /* Assets.xcassets in Resources */,
				5101BDCE2AEA5C8E00B45673 /* Main.storyboard in Resources */,
			);
			runOnlyForDeploymentPostprocessing = 0;
		};
/* End PBXResourcesBuildPhase section */

/* Begin PBXSourcesBuildPhase section */
		5101BDBF2AEA5C8E00B45673 /* Sources */ = {
			isa = PBXSourcesBuildPhase;
			buildActionMask = 2147483647;
			files = (
				5101BDE32AEA701B00B45673 /* Person.swift in Sources */,
				5101BDC72AEA5C8E00B45673 /* AppDelegate.swift in Sources */,
				51FE39A82AEBCB4600C362AB /* FirstDetailsViewController.swift in Sources */,
				5101BDE12AEA626900B45673 /* TableSecondViewController.swift in Sources */,
				5101BDDB2AEA5FB000B45673 /* TableFirstTableViewController.swift in Sources */,
				5101BDC92AEA5C8E00B45673 /* SceneDelegate.swift in Sources */,
			);
			runOnlyForDeploymentPostprocessing = 0;
		};
/* End PBXSourcesBuildPhase section */

/* Begin PBXVariantGroup section */
		5101BDCC2AEA5C8E00B45673 /* Main.storyboard */ = {
			isa = PBXVariantGroup;
			children = (
				5101BDCD2AEA5C8E00B45673 /* Base */,
			);
			name = Main.storyboard;
			sourceTree = "<group>";
		};
		5101BDD12AEA5C9000B45673 /* LaunchScreen.storyboard */ = {
			isa = PBXVariantGroup;
			children = (
				5101BDD22AEA5C9000B45673 /* Base */,
			);
			name = LaunchScreen.storyboard;
			sourceTree = "<group>";
		};
/* End PBXVariantGroup section */

/* Begin XCBuildConfiguration section */
		5101BDD52AEA5C9000B45673 /* Debug */ = {
			isa = XCBuildConfiguration;
			buildSettings = {
				ALWAYS_SEARCH_USER_PATHS = NO;
				CLANG_ANALYZER_NONNULL = YES;
				CLANG_ANALYZER_NUMBER_OBJECT_CONVERSION = YES_AGGRESSIVE;
				CLANG_CXX_LANGUAGE_STANDARD = "gnu++20";
				CLANG_ENABLE_MODULES = YES;
				CLANG_ENABLE_OBJC_ARC = YES;
				CLANG_ENABLE_OBJC_WEAK = YES;
				CLANG_WARN_BLOCK_CAPTURE_AUTORELEASING = YES;
				CLANG_WARN_BOOL_CONVERSION = YES;
				CLANG_WARN_COMMA = YES;
				CLANG_WARN_CONSTANT_CONVERSION = YES;
				CLANG_WARN_DEPRECATED_OBJC_IMPLEMENTATIONS = YES;
				CLANG_WARN_DIRECT_OBJC_ISA_USAGE = YES_ERROR;
				CLANG_WARN_DOCUMENTATION_COMMENTS = YES;
				CLANG_WARN_EMPTY_BODY = YES;
				CLANG_WARN_ENUM_CONVERSION = YES;
				CLANG_WARN_INFINITE_RECURSION = YES;
				CLANG_WARN_INT_CONVERSION = YES;
				CLANG_WARN_NON_LITERAL_NULL_CONVERSION = YES;
				CLANG_WARN_OBJC_IMPLICIT_RETAIN_SELF = YES;
				CLANG_WARN_OBJC_LITERAL_CONVERSION = YES;
				CLANG_WARN_OBJC_ROOT_CLASS = YES_ERROR;
				CLANG_WARN_QUOTED_INCLUDE_IN_FRAMEWORK_HEADER = YES;
				CLANG_WARN_RANGE_LOOP_ANALYSIS = YES;
				CLANG_WARN_STRICT_PROTOTYPES = YES;
				CLANG_WARN_SUSPICIOUS_MOVE = YES;
				CLANG_WARN_UNGUARDED_AVAILABILITY = YES_AGGRESSIVE;
				CLANG_WARN_UNREACHABLE_CODE = YES;
				CLANG_WARN__DUPLICATE_METHOD_MATCH = YES;
				COPY_PHASE_STRIP = NO;
				DEBUG_INFORMATION_FORMAT = dwarf;
				ENABLE_STRICT_OBJC_MSGSEND = YES;
				ENABLE_TESTABILITY = YES;
				GCC_C_LANGUAGE_STANDARD = gnu11;
				GCC_DYNAMIC_NO_PIC = NO;
				GCC_NO_COMMON_BLOCKS = YES;
				GCC_OPTIMIZATION_LEVEL = 0;
				GCC_PREPROCESSOR_DEFINITIONS = (
					"DEBUG=1",
					"$(inherited)",
				);
				GCC_WARN_64_TO_32_BIT_CONVERSION = YES;
				GCC_WARN_ABOUT_RETURN_TYPE = YES_ERROR;
				GCC_WARN_UNDECLARED_SELECTOR = YES;
				GCC_WARN_UNINITIALIZED_AUTOS = YES_AGGRESSIVE;
				GCC_WARN_UNUSED_FUNCTION = YES;
				GCC_WARN_UNUSED_VARIABLE = YES;
				IPHONEOS_DEPLOYMENT_TARGET = 16.4;
				MTL_ENABLE_DEBUG_INFO = INCLUDE_SOURCE;
				MTL_FAST_MATH = YES;
				ONLY_ACTIVE_ARCH = YES;
				SDKROOT = iphoneos;
				SWIFT_ACTIVE_COMPILATION_CONDITIONS = DEBUG;
				SWIFT_OPTIMIZATION_LEVEL = "-Onone";
			};
			name = Debug;
		};
		5101BDD62AEA5C9000B45673 /* Release */ = {
			isa = XCBuildConfiguration;
			buildSettings = {
				ALWAYS_SEARCH_USER_PATHS = NO;
				CLANG_ANALYZER_NONNULL = YES;
				CLANG_ANALYZER_NUMBER_OBJECT_CONVERSION = YES_AGGRESSIVE;
				CLANG_CXX_LANGUAGE_STANDARD = "gnu++20";
				CLANG_ENABLE_MODULES = YES;
				CLANG_ENABLE_OBJC_ARC = YES;
				CLANG_ENABLE_OBJC_WEAK = YES;
				CLANG_WARN_BLOCK_CAPTURE_AUTORELEASING = YES;
				CLANG_WARN_BOOL_CONVERSION = YES;
				CLANG_WARN_COMMA = YES;
				CLANG_WARN_CONSTANT_CONVERSION = YES;
				CLANG_WARN_DEPRECATED_OBJC_IMPLEMENTATIONS = YES;
				CLANG_WARN_DIRECT_OBJC_ISA_USAGE = YES_ERROR;
				CLANG_WARN_DOCUMENTATION_COMMENTS = YES;
				CLANG_WARN_EMPTY_BODY = YES;
				CLANG_WARN_ENUM_CONVERSION = YES;
				CLANG_WARN_INFINITE_RECURSION = YES;
				CLANG_WARN_INT_CONVERSION = YES;
				CLANG_WARN_NON_LITERAL_NULL_CONVERSION = YES;
				CLANG_WARN_OBJC_IMPLICIT_RETAIN_SELF = YES;
				CLANG_WARN_OBJC_LITERAL_CONVERSION = YES;
				CLANG_WARN_OBJC_ROOT_CLASS = YES_ERROR;
				CLANG_WARN_QUOTED_INCLUDE_IN_FRAMEWORK_HEADER = YES;
				CLANG_WARN_RANGE_LOOP_ANALYSIS = YES;
				CLANG_WARN_STRICT_PROTOTYPES = YES;
				CLANG_WARN_SUSPICIOUS_MOVE = YES;
				CLANG_WARN_UNGUARDED_AVAILABILITY = YES_AGGRESSIVE;
				CLANG_WARN_UNREACHABLE_CODE = YES;
				CLANG_WARN__DUPLICATE_METHOD_MATCH = YES;
				COPY_PHASE_STRIP = NO;
				DEBUG_INFORMATION_FORMAT = "dwarf-with-dsym";
				ENABLE_NS_ASSERTIONS = NO;
				ENABLE_STRICT_OBJC_MSGSEND = YES;
				GCC_C_LANGUAGE_STANDARD = gnu11;
				GCC_NO_COMMON_BLOCKS = YES;
				GCC_WARN_64_TO_32_BIT_CONVERSION = YES;
				GCC_WARN_ABOUT_RETURN_TYPE = YES_ERROR;
				GCC_WARN_UNDECLARED_SELECTOR = YES;
				GCC_WARN_UNINITIALIZED_AUTOS = YES_AGGRESSIVE;
				GCC_WARN_UNUSED_FUNCTION = YES;
				GCC_WARN_UNUSED_VARIABLE = YES;
				IPHONEOS_DEPLOYMENT_TARGET = 16.4;
				MTL_ENABLE_DEBUG_INFO = NO;
				MTL_FAST_MATH = YES;
				SDKROOT = iphoneos;
				SWIFT_COMPILATION_MODE = wholemodule;
				SWIFT_OPTIMIZATION_LEVEL = "-O";
				VALIDATE_PRODUCT = YES;
			};
			name = Release;
		};
		5101BDD82AEA5C9000B45673 /* Debug */ = {
			isa = XCBuildConfiguration;
			buildSettings = {
				ASSETCATALOG_COMPILER_APPICON_NAME = AppIcon;
				ASSETCATALOG_COMPILER_GLOBAL_ACCENT_COLOR_NAME = AccentColor;
				CODE_SIGN_STYLE = Automatic;
				CURRENT_PROJECT_VERSION = 1;
				GENERATE_INFOPLIST_FILE = YES;
				INFOPLIST_FILE = TableContact/Info.plist;
				INFOPLIST_KEY_UIApplicationSupportsIndirectInputEvents = YES;
				INFOPLIST_KEY_UILaunchStoryboardName = LaunchScreen;
				INFOPLIST_KEY_UIMainStoryboardFile = Main;
				INFOPLIST_KEY_UISupportedInterfaceOrientations_iPad = "UIInterfaceOrientationPortrait UIInterfaceOrientationPortraitUpsideDown UIInterfaceOrientationLandscapeLeft UIInterfaceOrientationLandscapeRight";
				INFOPLIST_KEY_UISupportedInterfaceOrientations_iPhone = "UIInterfaceOrientationPortrait UIInterfaceOrientationLandscapeLeft UIInterfaceOrientationLandscapeRight";
				LD_RUNPATH_SEARCH_PATHS = (
					"$(inherited)",
					"@executable_path/Frameworks",
				);
				MARKETING_VERSION = 1.0;
				PRODUCT_BUNDLE_IDENTIFIER = SemyonShevchik.TableContact;
				PRODUCT_NAME = "$(TARGET_NAME)";
				SUPPORTED_PLATFORMS = "iphoneos iphonesimulator";
				SUPPORTS_MACCATALYST = NO;
				SUPPORTS_MAC_DESIGNED_FOR_IPHONE_IPAD = NO;
				SWIFT_EMIT_LOC_STRINGS = YES;
				SWIFT_VERSION = 5.0;
				TARGETED_DEVICE_FAMILY = 1;
			};
			name = Debug;
		};
		5101BDD92AEA5C9000B45673 /* Release */ = {
			isa = XCBuildConfiguration;
			buildSettings = {
				ASSETCATALOG_COMPILER_APPICON_NAME = AppIcon;
				ASSETCATALOG_COMPILER_GLOBAL_ACCENT_COLOR_NAME = AccentColor;
				CODE_SIGN_STYLE = Automatic;
				CURRENT_PROJECT_VERSION = 1;
				GENERATE_INFOPLIST_FILE = YES;
				INFOPLIST_FILE = TableContact/Info.plist;
				INFOPLIST_KEY_UIApplicationSupportsIndirectInputEvents = YES;
				INFOPLIST_KEY_UILaunchStoryboardName = LaunchScreen;
				INFOPLIST_KEY_UIMainStoryboardFile = Main;
				INFOPLIST_KEY_UISupportedInterfaceOrientations_iPad = "UIInterfaceOrientationPortrait UIInterfaceOrientationPortraitUpsideDown UIInterfaceOrientationLandscapeLeft UIInterfaceOrientationLandscapeRight";
				INFOPLIST_KEY_UISupportedInterfaceOrientations_iPhone = "UIInterfaceOrientationPortrait UIInterfaceOrientationLandscapeLeft UIInterfaceOrientationLandscapeRight";
				LD_RUNPATH_SEARCH_PATHS = (
					"$(inherited)",
					"@executable_path/Frameworks",
				);
				MARKETING_VERSION = 1.0;
				PRODUCT_BUNDLE_IDENTIFIER = SemyonShevchik.TableContact;
				PRODUCT_NAME = "$(TARGET_NAME)";
				SUPPORTED_PLATFORMS = "iphoneos iphonesimulator";
				SUPPORTS_MACCATALYST = NO;
				SUPPORTS_MAC_DESIGNED_FOR_IPHONE_IPAD = NO;
				SWIFT_EMIT_LOC_STRINGS = YES;
				SWIFT_VERSION = 5.0;
				TARGETED_DEVICE_FAMILY = 1;
			};
			name = Release;
		};
/* End XCBuildConfiguration section */

/* Begin XCConfigurationList section */
		5101BDBE2AEA5C8E00B45673 /* Build configuration list for PBXProject "TableContact" */ = {
			isa = XCConfigurationList;
			buildConfigurations = (
				5101BDD52AEA5C9000B45673 /* Debug */,
				5101BDD62AEA5C9000B45673 /* Release */,
			);
			defaultConfigurationIsVisible = 0;
			defaultConfigurationName = Release;
		};
		5101BDD72AEA5C9000B45673 /* Build configuration list for PBXNativeTarget "TableContact" */ = {
			isa = XCConfigurationList;
			buildConfigurations = (
				5101BDD82AEA5C9000B45673 /* Debug */,
				5101BDD92AEA5C9000B45673 /* Release */,
			);
			defaultConfigurationIsVisible = 0;
			defaultConfigurationName = Release;
		};
/* End XCConfigurationList section */
	};
	rootObject = 5101BDBB2AEA5C8E00B45673 /* Project object */;
}
